// !$*UTF8*$!
{
	archiveVersion = 1;
	classes = {
	};
	objectVersion = 50;
	objects = {

/* Begin PBXBuildFile section */
		8C0FBB00221418CE0014FE0B /* AppDelegate.m in Sources */ = {isa = PBXBuildFile; fileRef = 8C0FBAFF221418CE0014FE0B /* AppDelegate.m */; };
		8C0FBB03221418CE0014FE0B /* ViewController.m in Sources */ = {isa = PBXBuildFile; fileRef = 8C0FBB02221418CE0014FE0B /* ViewController.m */; };
		8C0FBB06221418CE0014FE0B /* Main.storyboard in Resources */ = {isa = PBXBuildFile; fileRef = 8C0FBB04221418CE0014FE0B /* Main.storyboard */; };
		8C0FBB08221418D00014FE0B /* Assets.xcassets in Resources */ = {isa = PBXBuildFile; fileRef = 8C0FBB07221418D00014FE0B /* Assets.xcassets */; };
		8C0FBB0B221418D00014FE0B /* LaunchScreen.storyboard in Resources */ = {isa = PBXBuildFile; fileRef = 8C0FBB09221418D00014FE0B /* LaunchScreen.storyboard */; };
		8C0FBB0E221418D00014FE0B /* main.m in Sources */ = {isa = PBXBuildFile; fileRef = 8C0FBB0D221418D00014FE0B /* main.m */; };
		8C0FBB18221418D00014FE0B /* AutomaticReleaseTestTests.m in Sources */ = {isa = PBXBuildFile; fileRef = 8C0FBB17221418D00014FE0B /* AutomaticReleaseTestTests.m */; };
		8C0FBB23221418D00014FE0B /* AutomaticReleaseTestUITests.m in Sources */ = {isa = PBXBuildFile; fileRef = 8C0FBB22221418D00014FE0B /* AutomaticReleaseTestUITests.m */; };
/* End PBXBuildFile section */

/* Begin PBXContainerItemProxy section */
		8C0FBB14221418D00014FE0B /* PBXContainerItemProxy */ = {
			isa = PBXContainerItemProxy;
			containerPortal = 8C0FBAF3221418CE0014FE0B /* Project object */;
			proxyType = 1;
			remoteGlobalIDString = 8C0FBAFA221418CE0014FE0B;
			remoteInfo = AutomaticReleaseTest;
		};
		8C0FBB1F221418D00014FE0B /* PBXContainerItemProxy */ = {
			isa = PBXContainerItemProxy;
			containerPortal = 8C0FBAF3221418CE0014FE0B /* Project object */;
			proxyType = 1;
			remoteGlobalIDString = 8C0FBAFA221418CE0014FE0B;
			remoteInfo = AutomaticReleaseTest;
		};
/* End PBXContainerItemProxy section */

/* Begin PBXFileReference section */
		8C0FBAFB221418CE0014FE0B /* AutomaticReleaseTest.app */ = {isa = PBXFileReference; explicitFileType = wrapper.application; includeInIndex = 0; path = AutomaticReleaseTest.app; sourceTree = BUILT_PRODUCTS_DIR; };
		8C0FBAFE221418CE0014FE0B /* AppDelegate.h */ = {isa = PBXFileReference; lastKnownFileType = sourcecode.c.h; path = AppDelegate.h; sourceTree = "<group>"; };
		8C0FBAFF221418CE0014FE0B /* AppDelegate.m */ = {isa = PBXFileReference; lastKnownFileType = sourcecode.c.objc; path = AppDelegate.m; sourceTree = "<group>"; };
		8C0FBB01221418CE0014FE0B /* ViewController.h */ = {isa = PBXFileReference; lastKnownFileType = sourcecode.c.h; path = ViewController.h; sourceTree = "<group>"; };
		8C0FBB02221418CE0014FE0B /* ViewController.m */ = {isa = PBXFileReference; lastKnownFileType = sourcecode.c.objc; path = ViewController.m; sourceTree = "<group>"; };
		8C0FBB05221418CE0014FE0B /* Base */ = {isa = PBXFileReference; lastKnownFileType = file.storyboard; name = Base; path = Base.lproj/Main.storyboard; sourceTree = "<group>"; };
		8C0FBB07221418D00014FE0B /* Assets.xcassets */ = {isa = PBXFileReference; lastKnownFileType = folder.assetcatalog; path = Assets.xcassets; sourceTree = "<group>"; };
		8C0FBB0A221418D00014FE0B /* Base */ = {isa = PBXFileReference; lastKnownFileType = file.storyboard; name = Base; path = Base.lproj/LaunchScreen.storyboard; sourceTree = "<group>"; };
		8C0FBB0C221418D00014FE0B /* Info.plist */ = {isa = PBXFileReference; lastKnownFileType = text.plist.xml; path = Info.plist; sourceTree = "<group>"; };
		8C0FBB0D221418D00014FE0B /* main.m */ = {isa = PBXFileReference; lastKnownFileType = sourcecode.c.objc; path = main.m; sourceTree = "<group>"; };
		8C0FBB13221418D00014FE0B /* AutomaticReleaseTestTests.xctest */ = {isa = PBXFileReference; explicitFileType = wrapper.cfbundle; includeInIndex = 0; path = AutomaticReleaseTestTests.xctest; sourceTree = BUILT_PRODUCTS_DIR; };
		8C0FBB17221418D00014FE0B /* AutomaticReleaseTestTests.m */ = {isa = PBXFileReference; lastKnownFileType = sourcecode.c.objc; path = AutomaticReleaseTestTests.m; sourceTree = "<group>"; };
		8C0FBB19221418D00014FE0B /* Info.plist */ = {isa = PBXFileReference; lastKnownFileType = text.plist.xml; path = Info.plist; sourceTree = "<group>"; };
		8C0FBB1E221418D00014FE0B /* AutomaticReleaseTestUITests.xctest */ = {isa = PBXFileReference; explicitFileType = wrapper.cfbundle; includeInIndex = 0; path = AutomaticReleaseTestUITests.xctest; sourceTree = BUILT_PRODUCTS_DIR; };
		8C0FBB22221418D00014FE0B /* AutomaticReleaseTestUITests.m */ = {isa = PBXFileReference; lastKnownFileType = sourcecode.c.objc; path = AutomaticReleaseTestUITests.m; sourceTree = "<group>"; };
		8C0FBB24221418D00014FE0B /* Info.plist */ = {isa = PBXFileReference; lastKnownFileType = text.plist.xml; path = Info.plist; sourceTree = "<group>"; };
/* End PBXFileReference section */

/* Begin PBXFrameworksBuildPhase section */
		8C0FBAF8221418CE0014FE0B /* Frameworks */ = {
			isa = PBXFrameworksBuildPhase;
			buildActionMask = 2147483647;
			files = (
			);
			runOnlyForDeploymentPostprocessing = 0;
		};
		8C0FBB10221418D00014FE0B /* Frameworks */ = {
			isa = PBXFrameworksBuildPhase;
			buildActionMask = 2147483647;
			files = (
			);
			runOnlyForDeploymentPostprocessing = 0;
		};
		8C0FBB1B221418D00014FE0B /* Frameworks */ = {
			isa = PBXFrameworksBuildPhase;
			buildActionMask = 2147483647;
			files = (
			);
			runOnlyForDeploymentPostprocessing = 0;
		};
/* End PBXFrameworksBuildPhase section */

/* Begin PBXGroup section */
		8C0FBAF2221418CE0014FE0B = {
			isa = PBXGroup;
			children = (
				8C0FBAFD221418CE0014FE0B /* AutomaticReleaseTest */,
				8C0FBB16221418D00014FE0B /* AutomaticReleaseTestTests */,
				8C0FBB21221418D00014FE0B /* AutomaticReleaseTestUITests */,
				8C0FBAFC221418CE0014FE0B /* Products */,
			);
			sourceTree = "<group>";
		};
		8C0FBAFC221418CE0014FE0B /* Products */ = {
			isa = PBXGroup;
			children = (
				8C0FBAFB221418CE0014FE0B /* AutomaticReleaseTest.app */,
				8C0FBB13221418D00014FE0B /* AutomaticReleaseTestTests.xctest */,
				8C0FBB1E221418D00014FE0B /* AutomaticReleaseTestUITests.xctest */,
			);
			name = Products;
			sourceTree = "<group>";
		};
		8C0FBAFD221418CE0014FE0B /* AutomaticReleaseTest */ = {
			isa = PBXGroup;
			children = (
				8C0FBAFE221418CE0014FE0B /* AppDelegate.h */,
				8C0FBAFF221418CE0014FE0B /* AppDelegate.m */,
				8C0FBB01221418CE0014FE0B /* ViewController.h */,
				8C0FBB02221418CE0014FE0B /* ViewController.m */,
				8C0FBB04221418CE0014FE0B /* Main.storyboard */,
				8C0FBB07221418D00014FE0B /* Assets.xcassets */,
				8C0FBB09221418D00014FE0B /* LaunchScreen.storyboard */,
				8C0FBB0C221418D00014FE0B /* Info.plist */,
				8C0FBB0D221418D00014FE0B /* main.m */,
			);
			path = AutomaticReleaseTest;
			sourceTree = "<group>";
		};
		8C0FBB16221418D00014FE0B /* AutomaticReleaseTestTests */ = {
			isa = PBXGroup;
			children = (
				8C0FBB17221418D00014FE0B /* AutomaticReleaseTestTests.m */,
				8C0FBB19221418D00014FE0B /* Info.plist */,
			);
			path = AutomaticReleaseTestTests;
			sourceTree = "<group>";
		};
		8C0FBB21221418D00014FE0B /* AutomaticReleaseTestUITests */ = {
			isa = PBXGroup;
			children = (
				8C0FBB22221418D00014FE0B /* AutomaticReleaseTestUITests.m */,
				8C0FBB24221418D00014FE0B /* Info.plist */,
			);
			path = AutomaticReleaseTestUITests;
			sourceTree = "<group>";
		};
/* End PBXGroup section */

/* Begin PBXNativeTarget section */
		8C0FBAFA221418CE0014FE0B /* AutomaticReleaseTest */ = {
			isa = PBXNativeTarget;
			buildConfigurationList = 8C0FBB27221418D00014FE0B /* Build configuration list for PBXNativeTarget "AutomaticReleaseTest" */;
			buildPhases = (
				8C0FBAF7221418CE0014FE0B /* Sources */,
				8C0FBAF8221418CE0014FE0B /* Frameworks */,
				8C0FBAF9221418CE0014FE0B /* Resources */,
			);
			buildRules = (
			);
			dependencies = (
			);
			name = AutomaticReleaseTest;
			productName = AutomaticReleaseTest;
			productReference = 8C0FBAFB221418CE0014FE0B /* AutomaticReleaseTest.app */;
			productType = "com.apple.product-type.application";
		};
		8C0FBB12221418D00014FE0B /* AutomaticReleaseTestTests */ = {
			isa = PBXNativeTarget;
			buildConfigurationList = 8C0FBB2A221418D00014FE0B /* Build configuration list for PBXNativeTarget "AutomaticReleaseTestTests" */;
			buildPhases = (
				8C0FBB0F221418D00014FE0B /* Sources */,
				8C0FBB10221418D00014FE0B /* Frameworks */,
				8C0FBB11221418D00014FE0B /* Resources */,
			);
			buildRules = (
			);
			dependencies = (
				8C0FBB15221418D00014FE0B /* PBXTargetDependency */,
			);
			name = AutomaticReleaseTestTests;
			productName = AutomaticReleaseTestTests;
			productReference = 8C0FBB13221418D00014FE0B /* AutomaticReleaseTestTests.xctest */;
			productType = "com.apple.product-type.bundle.unit-test";
		};
		8C0FBB1D221418D00014FE0B /* AutomaticReleaseTestUITests */ = {
			isa = PBXNativeTarget;
			buildConfigurationList = 8C0FBB2D221418D00014FE0B /* Build configuration list for PBXNativeTarget "AutomaticReleaseTestUITests" */;
			buildPhases = (
				8C0FBB1A221418D00014FE0B /* Sources */,
				8C0FBB1B221418D00014FE0B /* Frameworks */,
				8C0FBB1C221418D00014FE0B /* Resources */,
			);
			buildRules = (
			);
			dependencies = (
				8C0FBB20221418D00014FE0B /* PBXTargetDependency */,
			);
			name = AutomaticReleaseTestUITests;
			productName = AutomaticReleaseTestUITests;
			productReference = 8C0FBB1E221418D00014FE0B /* AutomaticReleaseTestUITests.xctest */;
			productType = "com.apple.product-type.bundle.ui-testing";
		};
/* End PBXNativeTarget section */

/* Begin PBXProject section */
		8C0FBAF3221418CE0014FE0B /* Project object */ = {
			isa = PBXProject;
			attributes = {
				LastUpgradeCheck = 1010;
				ORGANIZATIONNAME = "shanyue li";
				TargetAttributes = {
					8C0FBAFA221418CE0014FE0B = {
						CreatedOnToolsVersion = 10.1;
					};
					8C0FBB12221418D00014FE0B = {
						CreatedOnToolsVersion = 10.1;
						TestTargetID = 8C0FBAFA221418CE0014FE0B;
					};
					8C0FBB1D221418D00014FE0B = {
						CreatedOnToolsVersion = 10.1;
						TestTargetID = 8C0FBAFA221418CE0014FE0B;
					};
				};
			};
			buildConfigurationList = 8C0FBAF6221418CE0014FE0B /* Build configuration list for PBXProject "AutomaticReleaseTest" */;
			compatibilityVersion = "Xcode 9.3";
			developmentRegion = en;
			hasScannedForEncodings = 0;
			knownRegions = (
				en,
				Base,
			);
			mainGroup = 8C0FBAF2221418CE0014FE0B;
			productRefGroup = 8C0FBAFC221418CE0014FE0B /* Products */;
			projectDirPath = "";
			projectRoot = "";
			targets = (
				8C0FBAFA221418CE0014FE0B /* AutomaticReleaseTest */,
				8C0FBB12221418D00014FE0B /* AutomaticReleaseTestTests */,
				8C0FBB1D221418D00014FE0B /* AutomaticReleaseTestUITests */,
			);
		};
/* End PBXProject section */

/* Begin PBXResourcesBuildPhase section */
		8C0FBAF9221418CE0014FE0B /* Resources */ = {
			isa = PBXResourcesBuildPhase;
			buildActionMask = 2147483647;
			files = (
				8C0FBB0B221418D00014FE0B /* LaunchScreen.storyboard in Resources */,
				8C0FBB08221418D00014FE0B /* Assets.xcassets in Resources */,
				8C0FBB06221418CE0014FE0B /* Main.storyboard in Resources */,
			);
			runOnlyForDeploymentPostprocessing = 0;
		};
		8C0FBB11221418D00014FE0B /* Resources */ = {
			isa = PBXResourcesBuildPhase;
			buildActionMask = 2147483647;
			files = (
			);
			runOnlyForDeploymentPostprocessing = 0;
		};
		8C0FBB1C221418D00014FE0B /* Resources */ = {
			isa = PBXResourcesBuildPhase;
			buildActionMask = 2147483647;
			files = (
			);
			runOnlyForDeploymentPostprocessing = 0;
		};
/* End PBXResourcesBuildPhase section */

/* Begin PBXSourcesBuildPhase section */
		8C0FBAF7221418CE0014FE0B /* Sources */ = {
			isa = PBXSourcesBuildPhase;
			buildActionMask = 2147483647;
			files = (
				8C0FBB03221418CE0014FE0B /* ViewController.m in Sources */,
				8C0FBB0E221418D00014FE0B /* main.m in Sources */,
				8C0FBB00221418CE0014FE0B /* AppDelegate.m in Sources */,
			);
			runOnlyForDeploymentPostprocessing = 0;
		};
		8C0FBB0F221418D00014FE0B /* Sources */ = {
			isa = PBXSourcesBuildPhase;
			buildActionMask = 2147483647;
			files = (
				8C0FBB18221418D00014FE0B /* AutomaticReleaseTestTests.m in Sources */,
			);
			runOnlyForDeploymentPostprocessing = 0;
		};
		8C0FBB1A221418D00014FE0B /* Sources */ = {
			isa = PBXSourcesBuildPhase;
			buildActionMask = 2147483647;
			files = (
				8C0FBB23221418D00014FE0B /* AutomaticReleaseTestUITests.m in Sources */,
			);
			runOnlyForDeploymentPostprocessing = 0;
		};
/* End PBXSourcesBuildPhase section */

/* Begin PBXTargetDependency section */
		8C0FBB15221418D00014FE0B /* PBXTargetDependency */ = {
			isa = PBXTargetDependency;
			target = 8C0FBAFA221418CE0014FE0B /* AutomaticReleaseTest */;
			targetProxy = 8C0FBB14221418D00014FE0B /* PBXContainerItemProxy */;
		};
		8C0FBB20221418D00014FE0B /* PBXTargetDependency */ = {
			isa = PBXTargetDependency;
			target = 8C0FBAFA221418CE0014FE0B /* AutomaticReleaseTest */;
			targetProxy = 8C0FBB1F221418D00014FE0B /* PBXContainerItemProxy */;
		};
/* End PBXTargetDependency section */

/* Begin PBXVariantGroup section */
		8C0FBB04221418CE0014FE0B /* Main.storyboard */ = {
			isa = PBXVariantGroup;
			children = (
				8C0FBB05221418CE0014FE0B /* Base */,
			);
			name = Main.storyboard;
			sourceTree = "<group>";
		};
		8C0FBB09221418D00014FE0B /* LaunchScreen.storyboard */ = {
			isa = PBXVariantGroup;
			children = (
				8C0FBB0A221418D00014FE0B /* Base */,
			);
			name = LaunchScreen.storyboard;
			sourceTree = "<group>";
		};
/* End PBXVariantGroup section */

/* Begin XCBuildConfiguration section */
		8C0FBB25221418D00014FE0B /* Debug */ = {
			isa = XCBuildConfiguration;
			buildSettings = {
				ALWAYS_SEARCH_USER_PATHS = NO;
				CLANG_ANALYZER_NONNULL = YES;
				CLANG_ANALYZER_NUMBER_OBJECT_CONVERSION = YES_AGGRESSIVE;
				CLANG_CXX_LANGUAGE_STANDARD = "gnu++14";
				CLANG_CXX_LIBRARY = "libc++";
				CLANG_ENABLE_MODULES = YES;
				CLANG_ENABLE_OBJC_ARC = YES;
				CLANG_ENABLE_OBJC_WEAK = YES;
				CLANG_WARN_BLOCK_CAPTURE_AUTORELEASING = YES;
				CLANG_WARN_BOOL_CONVERSION = YES;
				CLANG_WARN_COMMA = YES;
				CLANG_WARN_CONSTANT_CONVERSION = YES;
				CLANG_WARN_DEPRECATED_OBJC_IMPLEMENTATIONS = YES;
				CLANG_WARN_DIRECT_OBJC_ISA_USAGE = YES_ERROR;
				CLANG_WARN_DOCUMENTATION_COMMENTS = YES;
				CLANG_WARN_EMPTY_BODY = YES;
				CLANG_WARN_ENUM_CONVERSION = YES;
				CLANG_WARN_INFINITE_RECURSION = YES;
				CLANG_WARN_INT_CONVERSION = YES;
				CLANG_WARN_NON_LITERAL_NULL_CONVERSION = YES;
				CLANG_WARN_OBJC_IMPLICIT_RETAIN_SELF = YES;
				CLANG_WARN_OBJC_LITERAL_CONVERSION = YES;
				CLANG_WARN_OBJC_ROOT_CLASS = YES_ERROR;
				CLANG_WARN_RANGE_LOOP_ANALYSIS = YES;
				CLANG_WARN_STRICT_PROTOTYPES = YES;
				CLANG_WARN_SUSPICIOUS_MOVE = YES;
				CLANG_WARN_UNGUARDED_AVAILABILITY = YES_AGGRESSIVE;
				CLANG_WARN_UNREACHABLE_CODE = YES;
				CLANG_WARN__DUPLICATE_METHOD_MATCH = YES;
				CODE_SIGN_IDENTITY = "iPhone Developer";
				COPY_PHASE_STRIP = NO;
				DEBUG_INFORMATION_FORMAT = dwarf;
				ENABLE_STRICT_OBJC_MSGSEND = YES;
				ENABLE_TESTABILITY = YES;
				GCC_C_LANGUAGE_STANDARD = gnu11;
				GCC_DYNAMIC_NO_PIC = NO;
				GCC_NO_COMMON_BLOCKS = YES;
				GCC_OPTIMIZATION_LEVEL = 0;
				GCC_PREPROCESSOR_DEFINITIONS = (
					"DEBUG=1",
					"$(inherited)",
				);
				GCC_WARN_64_TO_32_BIT_CONVERSION = YES;
				GCC_WARN_ABOUT_RETURN_TYPE = YES_ERROR;
				GCC_WARN_UNDECLARED_SELECTOR = YES;
				GCC_WARN_UNINITIALIZED_AUTOS = YES_AGGRESSIVE;
				GCC_WARN_UNUSED_FUNCTION = YES;
				GCC_WARN_UNUSED_VARIABLE = YES;
				IPHONEOS_DEPLOYMENT_TARGET = 12.1;
				MTL_ENABLE_DEBUG_INFO = INCLUDE_SOURCE;
				MTL_FAST_MATH = YES;
				ONLY_ACTIVE_ARCH = YES;
				SDKROOT = iphoneos;
			};
			name = Debug;
		};
		8C0FBB26221418D00014FE0B /* Release */ = {
			isa = XCBuildConfiguration;
			buildSettings = {
				ALWAYS_SEARCH_USER_PATHS = NO;
				CLANG_ANALYZER_NONNULL = YES;
				CLANG_ANALYZER_NUMBER_OBJECT_CONVERSION = YES_AGGRESSIVE;
				CLANG_CXX_LANGUAGE_STANDARD = "gnu++14";
				CLANG_CXX_LIBRARY = "libc++";
				CLANG_ENABLE_MODULES = YES;
				CLANG_ENABLE_OBJC_ARC = YES;
				CLANG_ENABLE_OBJC_WEAK = YES;
				CLANG_WARN_BLOCK_CAPTURE_AUTORELEASING = YES;
				CLANG_WARN_BOOL_CONVERSION = YES;
				CLANG_WARN_COMMA = YES;
				CLANG_WARN_CONSTANT_CONVERSION = YES;
				CLANG_WARN_DEPRECATED_OBJC_IMPLEMENTATIONS = YES;
				CLANG_WARN_DIRECT_OBJC_ISA_USAGE = YES_ERROR;
				CLANG_WARN_DOCUMENTATION_COMMENTS = YES;
				CLANG_WARN_EMPTY_BODY = YES;
				CLANG_WARN_ENUM_CONVERSION = YES;
				CLANG_WARN_INFINITE_RECURSION = YES;
				CLANG_WARN_INT_CONVERSION = YES;
				CLANG_WARN_NON_LITERAL_NULL_CONVERSION = YES;
				CLANG_WARN_OBJC_IMPLICIT_RETAIN_SELF = YES;
				CLANG_WARN_OBJC_LITERAL_CONVERSION = YES;
				CLANG_WARN_OBJC_ROOT_CLASS = YES_ERROR;
				CLANG_WARN_RANGE_LOOP_ANALYSIS = YES;
				CLANG_WARN_STRICT_PROTOTYPES = YES;
				CLANG_WARN_SUSPICIOUS_MOVE = YES;
				CLANG_WARN_UNGUARDED_AVAILABILITY = YES_AGGRESSIVE;
				CLANG_WARN_UNREACHABLE_CODE = YES;
				CLANG_WARN__DUPLICATE_METHOD_MATCH = YES;
				CODE_SIGN_IDENTITY = "iPhone Developer";
				COPY_PHASE_STRIP = NO;
				DEBUG_INFORMATION_FORMAT = "dwarf-with-dsym";
				ENABLE_NS_ASSERTIONS = NO;
				ENABLE_STRICT_OBJC_MSGSEND = YES;
				GCC_C_LANGUAGE_STANDARD = gnu11;
				GCC_NO_COMMON_BLOCKS = YES;
				GCC_WARN_64_TO_32_BIT_CONVERSION = YES;
				GCC_WARN_ABOUT_RETURN_TYPE = YES_ERROR;
				GCC_WARN_UNDECLARED_SELECTOR = YES;
				GCC_WARN_UNINITIALIZED_AUTOS = YES_AGGRESSIVE;
				GCC_WARN_UNUSED_FUNCTION = YES;
				GCC_WARN_UNUSED_VARIABLE = YES;
				IPHONEOS_DEPLOYMENT_TARGET = 12.1;
				MTL_ENABLE_DEBUG_INFO = NO;
				MTL_FAST_MATH = YES;
				SDKROOT = iphoneos;
				VALIDATE_PRODUCT = YES;
			};
			name = Release;
		};
		8C0FBB28221418D00014FE0B /* Debug */ = {
			isa = XCBuildConfiguration;
			buildSettings = {
				ASSETCATALOG_COMPILER_APPICON_NAME = AppIcon;
				CODE_SIGN_STYLE = Automatic;
				DEVELOPMENT_TEAM = 4B98XGU57L;
				INFOPLIST_FILE = AutomaticReleaseTest/Info.plist;
				LD_RUNPATH_SEARCH_PATHS = (
					"$(inherited)",
					"@executable_path/Frameworks",
				);
				PRODUCT_BUNDLE_IDENTIFIER = com.lys.AutomaticReleaseTest;
				PRODUCT_NAME = "$(TARGET_NAME)";
				TARGETED_DEVICE_FAMILY = "1,2";
			};
			name = Debug;
		};
		8C0FBB29221418D00014FE0B /* Release */ = {
			isa = XCBuildConfiguration;
			buildSettings = {
				ASSETCATALOG_COMPILER_APPICON_NAME = AppIcon;
				CODE_SIGN_STYLE = Automatic;
				DEVELOPMENT_TEAM = 4B98XGU57L;
				INFOPLIST_FILE = AutomaticReleaseTest/Info.plist;
				LD_RUNPATH_SEARCH_PATHS = (
					"$(inherited)",
					"@executable_path/Frameworks",
				);
				PRODUCT_BUNDLE_IDENTIFIER = com.lys.AutomaticReleaseTest;
				PRODUCT_NAME = "$(TARGET_NAME)";
				TARGETED_DEVICE_FAMILY = "1,2";
			};
			name = Release;
		};
		8C0FBB2B221418D00014FE0B /* Debug */ = {
			isa = XCBuildConfiguration;
			buildSettings = {
				BUNDLE_LOADER = "$(TEST_HOST)";
				CODE_SIGN_STYLE = Automatic;
				DEVELOPMENT_TEAM = 4B98XGU57L;
				INFOPLIST_FILE = AutomaticReleaseTestTests/Info.plist;
				LD_RUNPATH_SEARCH_PATHS = (
					"$(inherited)",
					"@executable_path/Frameworks",
					"@loader_path/Frameworks",
				);
				PRODUCT_BUNDLE_IDENTIFIER = com.lys.AutomaticReleaseTestTests;
				PRODUCT_NAME = "$(TARGET_NAME)";
				TARGETED_DEVICE_FAMILY = "1,2";
				TEST_HOST = "$(BUILT_PRODUCTS_DIR)/AutomaticReleaseTest.app/AutomaticReleaseTest";
			};
			name = Debug;
		};
		8C0FBB2C221418D00014FE0B /* Release */ = {
			isa = XCBuildConfiguration;
			buildSettings = {
				BUNDLE_LOADER = "$(TEST_HOST)";
				CODE_SIGN_STYLE = Automatic;
				DEVELOPMENT_TEAM = 4B98XGU57L;
				INFOPLIST_FILE = AutomaticReleaseTestTests/Info.plist;
				LD_RUNPATH_SEARCH_PATHS = (
					"$(inherited)",
					"@executable_path/Frameworks",
					"@loader_path/Frameworks",
				);
				PRODUCT_BUNDLE_IDENTIFIER = com.lys.AutomaticReleaseTestTests;
				PRODUCT_NAME = "$(TARGET_NAME)";
				TARGETED_DEVICE_FAMILY = "1,2";
				TEST_HOST = "$(BUILT_PRODUCTS_DIR)/AutomaticReleaseTest.app/AutomaticReleaseTest";
			};
			name = Release;
		};
		8C0FBB2E221418D00014FE0B /* Debug */ = {
			isa = XCBuildConfiguration;
			buildSettings = {
				CODE_SIGN_STYLE = Automatic;
				DEVELOPMENT_TEAM = 4B98XGU57L;
				INFOPLIST_FILE = AutomaticReleaseTestUITests/Info.plist;
				LD_RUNPATH_SEARCH_PATHS = (
					"$(inherited)",
					"@executable_path/Frameworks",
					"@loader_path/Frameworks",
				);
				PRODUCT_BUNDLE_IDENTIFIER = com.lys.AutomaticReleaseTestUITests;
				PRODUCT_NAME = "$(TARGET_NAME)";
				TARGETED_DEVICE_FAMILY = "1,2";
				TEST_TARGET_NAME = AutomaticReleaseTest;
			};
			name = Debug;
		};
		8C0FBB2F221418D00014FE0B /* Release */ = {
			isa = XCBuildConfiguration;
			buildSettings = {
				CODE_SIGN_STYLE = Automatic;
				DEVELOPMENT_TEAM = 4B98XGU57L;
				INFOPLIST_FILE = AutomaticReleaseTestUITests/Info.plist;
				LD_RUNPATH_SEARCH_PATHS = (
					"$(inherited)",
					"@executable_path/Frameworks",
					"@loader_path/Frameworks",
				);
				PRODUCT_BUNDLE_IDENTIFIER = com.lys.AutomaticReleaseTestUITests;
				PRODUCT_NAME = "$(TARGET_NAME)";
				TARGETED_DEVICE_FAMILY = "1,2";
				TEST_TARGET_NAME = AutomaticReleaseTest;
			};
			name = Release;
		};
/* End XCBuildConfiguration section */

/* Begin XCConfigurationList section */
		8C0FBAF6221418CE0014FE0B /* Build configuration list for PBXProject "AutomaticReleaseTest" */ = {
			isa = XCConfigurationList;
			buildConfigurations = (
				8C0FBB25221418D00014FE0B /* Debug */,
				8C0FBB26221418D00014FE0B /* Release */,
			);
			defaultConfigurationIsVisible = 0;
			defaultConfigurationName = Release;
		};
		8C0FBB27221418D00014FE0B /* Build configuration list for PBXNativeTarget "AutomaticReleaseTest" */ = {
			isa = XCConfigurationList;
			buildConfigurations = (
				8C0FBB28221418D00014FE0B /* Debug */,
				8C0FBB29221418D00014FE0B /* Release */,
			);
			defaultConfigurationIsVisible = 0;
			defaultConfigurationName = Release;
		};
		8C0FBB2A221418D00014FE0B /* Build configuration list for PBXNativeTarget "AutomaticReleaseTestTests" */ = {
			isa = XCConfigurationList;
			buildConfigurations = (
				8C0FBB2B221418D00014FE0B /* Debug */,
				8C0FBB2C221418D00014FE0B /* Release */,
			);
			defaultConfigurationIsVisible = 0;
			defaultConfigurationName = Release;
		};
		8C0FBB2D221418D00014FE0B /* Build configuration list for PBXNativeTarget "AutomaticReleaseTestUITests" */ = {
			isa = XCConfigurationList;
			buildConfigurations = (
				8C0FBB2E221418D00014FE0B /* Debug */,
				8C0FBB2F221418D00014FE0B /* Release */,
			);
			defaultConfigurationIsVisible = 0;
			defaultConfigurationName = Release;
		};
/* End XCConfigurationList section */
	};
	rootObject = 8C0FBAF3221418CE0014FE0B /* Project object */;
}
